github.com/Ateto1204/Dcard-2024Backend-Intern v0.0.0-20240401031911-e7feea25555b h1:OLIbrG21da9n5PklYa5mAJjl3Uk2/d+LKzY6rqYIq0w=
github.com/Ateto1204/Dcard-2024Backend-Intern v0.0.0-20240401031911-e7feea25555b/go.mod h1:Cft3H01uinR1qO68MvUVZ+n7Ax/p+EgQYOsFvfLoTOE=
github.com/gorilla/mux v1.8.1 h1:TuBL49tXwgrFYWhqrNgrUNEY92u81SPhu7sTdzQEiWY=
github.com/gorilla/mux v1.8.1/go.mod h1:AKf9I4AEqPTmMytcMc0KkNouC66V3BtZ4qD5fmWSiMQ=
